
Microsoft Visual Studio Solution File, Format Version 12.00
# Visual Studio Version 17
VisualStudioVersion = 17.11.35312.102
MinimumVisualStudioVersion = 10.0.40219.1
Project("{8BC9CEB8-8B4A-11D0-8D11-00A0C91BC942}") = "Project6", "Project6\Project6.vcxproj", "{5A656177-84E4-44F6-8A4A-1D0DCC14097D}"
EndProject
Global
	GlobalSection(SolutionConfigurationPlatforms) = preSolution
		Debug|x64 = Debug|x64
		Debug|x86 = Debug|x86
		Release|x64 = Release|x64
		Release|x86 = Release|x86
	EndGlobalSection
	GlobalSection(ProjectConfigurationPlatforms) = postSolution
		{5A656177-84E4-44F6-8A4A-1D0DCC14097D}.Debug|x64.ActiveCfg = Debug|x64
		{5A656177-84E4-44F6-8A4A-1D0DCC14097D}.Debug|x64.Build.0 = Debug|x64
		{5A656177-84E4-44F6-8A4A-1D0DCC14097D}.Debug|x86.ActiveCfg = Debug|Win32
		{5A656177-84E4-44F6-8A4A-1D0DCC14097D}.Debug|x86.Build.0 = Debug|Win32
		{5A656177-84E4-44F6-8A4A-1D0DCC14097D}.Release|x64.ActiveCfg = Release|x64
		{5A656177-84E4-44F6-8A4A-1D0DCC14097D}.Release|x64.Build.0 = Release|x64
		{5A656177-84E4-44F6-8A4A-1D0DCC14097D}.Release|x86.ActiveCfg = Release|Win32
		{5A656177-84E4-44F6-8A4A-1D0DCC14097D}.Release|x86.Build.0 = Release|Win32
	EndGlobalSection
	GlobalSection(SolutionProperties) = preSolution
		HideSolutionNode = FALSE
	EndGlobalSection
	GlobalSection(ExtensibilityGlobals) = postSolution
		SolutionGuid = {9A6BF807-9EA3-4197-858A-9FD6ABD84788}
	EndGlobalSection
EndGlobal
